<?xml version='1.0' encoding='UTF-8'?>
<OpenIOC xmlns:xsd="http://www.w3.org/2001/XMLSchema" xmlns:xsi="http://www.w3.org/2001/XMLSchema-instance" xmlns="http://openioc.org/schemas/OpenIOC_1.1" id="0b879284-0c37-4bfa-9dd8-34505a9c5175" last-modified="2015-01-27T21:18:07" published-date="0001-01-01T00:00:00">
  <metadata>
    <short_description>PYTHON SHELLCODE (DOWNLOADER)</short_description>
    <description>The shellcode launcher is a simple launcher which recieves an encoded shellcode buffer from its C2 server, allocates memory for it and then executes the shellcode.  The launcher is written in python and packaged with PyInstaller.  You can read more about this downloader at https://www.fireeye.com/blog/threat-research/2015/02/behind_the_syrianco.htmlhttps://www.fireeye.com/blog/threat-research/2015/02/behind_the_syrianco.html </description>
    <keywords/>
    <authored_by>FireEye</authored_by>
    <authored_date>2015-01-27T19:56:21</authored_date>
    <links>
      <link rel="category" href="Downloader"/>
      <link rel="license" href="Apache 2.0"/>
    </links>
  </metadata>
  <criteria>
    <Indicator id="1057fbd6-e563-4d4e-b22a-f3cc7d439cdf" operator="OR">
      <IndicatorItem id="a89dc9cb-15a5-42e6-9e49-7a7cc9ae1bf5" condition="is" preserve-case="false" negate="false">
        <Context document="FileItem" search="FileItem/Md5sum" type="mir"/>
        <Content type="md5">64a17f5177157bb8c4199d38c46ec93b</Content>
      </IndicatorItem>
      <IndicatorItem id="452d566a-78fb-48cc-bb9e-47ae7234a1dd" condition="is" preserve-case="false" negate="false">
        <Context document="FileItem" search="FileItem/FileName" type="mir"/>
        <Content type="string">Facebook-Account.exe</Content>
      </IndicatorItem>
    </Indicator>
  </criteria>
  <parameters/>
</OpenIOC>
