<?xml version='1.0' encoding='UTF-8'?>
<OpenIOC xmlns:xsd="http://www.w3.org/2001/XMLSchema" xmlns:xsi="http://www.w3.org/2001/XMLSchema-instance" xmlns="http://openioc.org/schemas/OpenIOC_1.1" id="0ff58bf9-1c07-42f6-b135-b18c139f631a" last-modified="2014-10-17T20:54:53" published-date="0001-01-01T00:00:00">
  <metadata>
    <short_description>APT28 DOMAINS (REPORT)</short_description>
    <description>Domains used by APT28.</description>
    <keywords/>
    <authored_by>FireEye</authored_by>
    <authored_date>2014-10-17T02:04:34</authored_date>
    <links>
      <link rel="threatcategory" href="APT"/>
      <link rel="threatgroup" href="APT28"/>
      <link rel="license" href="Apache 2.0"/>
    </links>
  </metadata>
  <criteria>
    <Indicator id="c7a1130c-a61c-41f9-a7c5-0eb057f6792c" operator="OR">
      <IndicatorItem id="54481c42-effb-436b-b4d2-cff1cbd09a66" condition="contains" preserve-case="false" negate="false">
        <Context document="DnsEntryItem" search="DnsEntryItem/Host" type="mir"/>
        <Content type="string">kavkazcentr.info</Content>
      </IndicatorItem>
      <IndicatorItem id="b8b742d5-5dff-4f0f-bda8-0c878c1dd1e1" condition="contains" preserve-case="false" negate="false">
        <Context document="DnsEntryItem" search="DnsEntryItem/Host" type="mir"/>
        <Content type="string">rnil.am</Content>
      </IndicatorItem>
      <IndicatorItem id="af36c9b3-d554-46de-9525-c05a0759a399" condition="contains" preserve-case="false" negate="false">
        <Context document="DnsEntryItem" search="DnsEntryItem/Host" type="mir"/>
        <Content type="string">standartnevvs.com</Content>
      </IndicatorItem>
      <IndicatorItem id="389c9c03-eaf4-4259-94e5-623334cea26e" condition="contains" preserve-case="false" negate="false">
        <Context document="DnsEntryItem" search="DnsEntryItem/Host" type="mir"/>
        <Content type="string">novinitie.com</Content>
      </IndicatorItem>
      <IndicatorItem id="c17d001c-df89-40ff-87de-e89bde9f1425" condition="contains" preserve-case="false" negate="false">
        <Context document="DnsEntryItem" search="DnsEntryItem/Host" type="mir"/>
        <Content type="string">n0vinite.com</Content>
      </IndicatorItem>
      <IndicatorItem id="115031bf-f342-4bd0-9f9c-a5d8e1111281" condition="contains" preserve-case="false" negate="false">
        <Context document="DnsEntryItem" search="DnsEntryItem/Host" type="mir"/>
        <Content type="string">qov.hu.com</Content>
      </IndicatorItem>
      <IndicatorItem id="201da5ba-c327-4e9b-b0af-db1632d742cb" condition="contains" preserve-case="false" negate="false">
        <Context document="DnsEntryItem" search="DnsEntryItem/Host" type="mir"/>
        <Content type="string">q0v.pl</Content>
      </IndicatorItem>
      <IndicatorItem id="d69b1fb1-f31e-49e2-9ae1-e4d5057d2142" condition="contains" preserve-case="false" negate="false">
        <Context document="DnsEntryItem" search="DnsEntryItem/Host" type="mir"/>
        <Content type="string">mail.g0v.pl</Content>
      </IndicatorItem>
      <IndicatorItem id="7a1dc5b6-f555-44e2-b6a3-efd334183f9c" condition="contains" preserve-case="false" negate="false">
        <Context document="DnsEntryItem" search="DnsEntryItem/Host" type="mir"/>
        <Content type="string">poczta.mon.q0v.pl</Content>
      </IndicatorItem>
      <IndicatorItem id="ca3b91fe-36ec-4754-97fd-65f36739f4d1" condition="contains" preserve-case="false" negate="false">
        <Context document="DnsEntryItem" search="DnsEntryItem/Host" type="mir"/>
        <Content type="string">baltichost.org</Content>
      </IndicatorItem>
      <IndicatorItem id="3b9f2b02-9168-47a8-94b4-cc1f5ec505d4" condition="contains" preserve-case="false" negate="false">
        <Context document="DnsEntryItem" search="DnsEntryItem/Host" type="mir"/>
        <Content type="string">nato.nshq.in</Content>
      </IndicatorItem>
      <IndicatorItem id="798874dc-102b-4c5a-bd48-6e07362c7211" condition="contains" preserve-case="false" negate="false">
        <Context document="DnsEntryItem" search="DnsEntryItem/Host" type="mir"/>
        <Content type="string">natoexhibitionff14.com</Content>
      </IndicatorItem>
      <IndicatorItem id="196515ec-4c17-406b-a067-503a175914ed" condition="contains" preserve-case="false" negate="false">
        <Context document="DnsEntryItem" search="DnsEntryItem/Host" type="mir"/>
        <Content type="string">login-osce.org</Content>
      </IndicatorItem>
      <IndicatorItem id="63c696e5-a98b-4459-aeea-b88124e6ed29" condition="contains" preserve-case="false" negate="false">
        <Context document="DnsEntryItem" search="DnsEntryItem/Host" type="mir"/>
        <Content type="string">smigroup-online.co.uk</Content>
      </IndicatorItem>
    </Indicator>
  </criteria>
  <parameters/>
</OpenIOC>
